# THIS IS AN AUTOGENERATED FILE. DO NOT EDIT THIS FILE DIRECTLY.
# yarn lockfile v1


"@babel/runtime@^7.10.5", "@babel/runtime@^7.13.10", "@babel/runtime@^7.14.0", "@babel/runtime@^7.14.6", "@babel/runtime@^7.15.3", "@babel/runtime@^7.15.4":
  version "7.18.9"
  resolved "https://registry.yarnpkg.com/@babel/runtime/-/runtime-7.18.9.tgz#b4fcfce55db3d2e5e080d2490f608a3b9f407f4a"
  integrity sha512-lkqXDcvlFT5rvEjiu6+QYO+1GXrEHRo2LOtS7E4GtX5ESIZOgepqsZBVIj6Pv+a6zqsya9VCgiK1KAK4BvJDAw==
  dependencies:
    regenerator-runtime "^0.13.4"

"@emotion/is-prop-valid@^0.8.7":
  version "0.8.8"
  resolved "https://registry.yarnpkg.com/@emotion/is-prop-valid/-/is-prop-valid-0.8.8.tgz#db28b1c4368a259b60a97311d6a952d4fd01ac1a"
  integrity sha512-u5WtneEAr5IDG2Wv65yhunPSMLIpuKsbuOktRojfrEiEvRyC85LgPMZI63cr7NUqT8ZIGdSVg8ZKGxIug4lXcA==
  dependencies:
    "@emotion/memoize" "0.7.4"

"@emotion/memoize@0.7.4":
  version "0.7.4"
  resolved "https://registry.yarnpkg.com/@emotion/memoize/-/memoize-0.7.4.tgz#19bf0f5af19149111c40d98bb0cf82119f5d9eeb"
  integrity sha512-Ja/Vfqe3HpuzRsG1oBtWTHk2PGZ7GR+2Vz5iYGelAw8dx32K0y7PjVuxK6z1nMpZOqAFsRUPCkK1YjJ56qJlgw==

"@styled-icons/bootstrap@10.34.0":
  version "10.34.0"
  resolved "https://registry.yarnpkg.com/@styled-icons/bootstrap/-/bootstrap-10.34.0.tgz#d9142e9eb70dc437f7ef62ffc40168e1ae13ab12"
  integrity sha512-UpzdVUR7r9BNqEfPrMchJdgMZEg9eXQxLQJUXM0ouvbI5o9j21/y1dGameO4PZtYbutT/dWv5O6y24z5JWzd5w==
  dependencies:
    "@babel/runtime" "^7.14.0"
    "@styled-icons/styled-icon" "^10.6.3"

"@styled-icons/boxicons-logos@10.38.0":
  version "10.38.0"
  resolved "https://registry.yarnpkg.com/@styled-icons/boxicons-logos/-/boxicons-logos-10.38.0.tgz#f51442c49f1a28c61927d6d2f8c1e2d7946faf46"
  integrity sha512-DpkUi9qV76RsyuzihQhfCho142WCxK/2oUfjcqo6BsP92qxV+4rtS5nfVsmqfnSEef4av+qSeg33fJWDyURyKg==
  dependencies:
    "@babel/runtime" "^7.15.3"
    "@styled-icons/styled-icon" "^10.6.3"

"@styled-icons/boxicons-regular@10.38.0":
  version "10.38.0"
  resolved "https://registry.yarnpkg.com/@styled-icons/boxicons-regular/-/boxicons-regular-10.38.0.tgz#1eb80b4f94a18a9b77b11dee5204aa23378d37ec"
  integrity sha512-xjhafoa0/EeYtQOyTw+ohuSlBx599t8l8++JH1tQlM0l73dP4icTpF4znYL+HhZeaUe3D+UhrkfWuBBua2w2Qw==
  dependencies:
    "@babel/runtime" "^7.15.3"
    "@styled-icons/styled-icon" "^10.6.3"

"@styled-icons/boxicons-solid@10.38.0":
  version "10.38.0"
  resolved "https://registry.yarnpkg.com/@styled-icons/boxicons-solid/-/boxicons-solid-10.38.0.tgz#bb2a6e21f3412c97ae8029396e3ca9fb107c7658"
  integrity sha512-uuMtF1R61smQT5r6HIYMHvpVD0XSErXXNQYl5d6lCtMyefd0gIE5Rw+iD9i/RxHFUHNHbvL69LvitCLtNWrSqw==
  dependencies:
    "@babel/runtime" "^7.15.3"
    "@styled-icons/styled-icon" "^10.6.3"

"@styled-icons/crypto@10.38.0":
  version "10.38.0"
  resolved "https://registry.yarnpkg.com/@styled-icons/crypto/-/crypto-10.38.0.tgz#05920043cddd5042b04c91862c64e644f9bbf065"
  integrity sha512-SOfJFfofCOgExaRB0u3AA7Fdv2vbFIxtCAmyNDdjqvnTncg4HVPEg5+rysN3oHGiJBF8+uqUdtLerx3rmhYI7g==
  dependencies:
    "@babel/runtime" "^7.15.3"
    "@styled-icons/styled-icon" "^10.6.3"

"@styled-icons/entypo-social@10.34.0":
  version "10.34.0"
  resolved "https://registry.yarnpkg.com/@styled-icons/entypo-social/-/entypo-social-10.34.0.tgz#f2a719cd5811adb4b72b09b7614009a9c5d187e4"
  integrity sha512-amhrYcc/buvTJrunRnYNeFNJ5Ru1ByV/pcICj7An9TF/NNC4exfnzaoUzOJNcMGOHU5jphrqjSosC4pQNJKqkA==
  dependencies:
    "@babel/runtime" "^7.14.0"
    "@styled-icons/styled-icon" "^10.6.3"

"@styled-icons/entypo@10.34.0":
  version "10.34.0"
  resolved "https://registry.yarnpkg.com/@styled-icons/entypo/-/entypo-10.34.0.tgz#469037689c6d55a1e58b0e3466ef64929a7155e3"
  integrity sha512-9hl109HydOfi/q9ceqoI9Bmj5tv1v/RoUY2nbuGuVtKDVNCVw7WQ0eTiZkb1OgiVYsJXs6xQBcNZdVeo4en/lQ==
  dependencies:
    "@babel/runtime" "^7.14.0"
    "@styled-icons/styled-icon" "^10.6.3"

"@styled-icons/evaicons-outline@10.34.0":
  version "10.34.0"
  resolved "https://registry.yarnpkg.com/@styled-icons/evaicons-outline/-/evaicons-outline-10.34.0.tgz#a75c01763539a182834aefd6b60e9db0a45eef7b"
  integrity sha512-ONPKJO+u3DB/rsCJdIKt6OBoKBvIvM/EsulxuWniRPPr0rR5lwueGocJpJmEUi+C4gsMllBSkcL5cOdFyd1Nbw==
  dependencies:
    "@babel/runtime" "^7.14.0"
    "@styled-icons/styled-icon" "^10.6.3"

"@styled-icons/evaicons-solid@10.34.0":
  version "10.34.0"
  resolved "https://registry.yarnpkg.com/@styled-icons/evaicons-solid/-/evaicons-solid-10.34.0.tgz#54cff976f32aad41949da7419f6d9947d7bde431"
  integrity sha512-74S0zzxovKTXNpID8bXB4Qy34EBq3vuVAlTd9xsT2gY16BtPH7JcGHLmtQpbpJcHuWkcQH4bSv+GLq+0/i/ljQ==
  dependencies:
    "@babel/runtime" "^7.14.0"
    "@styled-icons/styled-icon" "^10.6.3"

"@styled-icons/evil@10.34.0":
  version "10.34.0"
  resolved "https://registry.yarnpkg.com/@styled-icons/evil/-/evil-10.34.0.tgz#3b682dcec4dfdb1b58f4fd2458895adc03585f5b"
  integrity sha512-rU5MrgMow9I0Vkqo6V5WkTcj0o1toDzn8kQSQywTL1N7JuyATKZgN3kgkzNUgHd5LorcsGMetPsvDmgS31XAPw==
  dependencies:
    "@babel/runtime" "^7.14.0"
    "@styled-icons/styled-icon" "^10.6.3"

"@styled-icons/fa-brands@10.38.0":
  version "10.38.0"
  resolved "https://registry.yarnpkg.com/@styled-icons/fa-brands/-/fa-brands-10.38.0.tgz#f4b6572c751409a62a3b5027e8d961e7dab7d33a"
  integrity sha512-zZzGkcshXIF55geFIpMzMLH6tSPzQeeFPFZ1RMrZ3TWBjUuquMx+vYFsO7kzq939X84gLjmpkJZsAP9QKJFvMg==
  dependencies:
    "@babel/runtime" "^7.15.3"
    "@styled-icons/styled-icon" "^10.6.3"

"@styled-icons/fa-regular@10.34.0":
  version "10.34.0"
  resolved "https://registry.yarnpkg.com/@styled-icons/fa-regular/-/fa-regular-10.34.0.tgz#b6761412c0b2985eae60d20bff77e76cecd2deb8"
  integrity sha512-QUqljT+uIfowGurV5GzjnHA1qvq922H+6yGRzQYBxBZ5Vgaak4Q71jtCSMqZKXcOG3tngMyhrOuaNaPOw1Q1pQ==
  dependencies:
    "@babel/runtime" "^7.14.0"
    "@styled-icons/styled-icon" "^10.6.3"

"@styled-icons/fa-solid@10.34.0":
  version "10.34.0"
  resolved "https://registry.yarnpkg.com/@styled-icons/fa-solid/-/fa-solid-10.34.0.tgz#315a6f6f25d38202d3387928191731e4c7a3bb18"
  integrity sha512-PnJMUPcbuPA7gswxl9FKd725qaqP5VSbmX7rk+ZZ7ivdA6Dbi1VoKYXqAc62OEisGDhzn5g56KbBvE14W1n7vw==
  dependencies:
    "@babel/runtime" "^7.14.0"
    "@styled-icons/styled-icon" "^10.6.3"

"@styled-icons/feather@10.34.0":
  version "10.34.0"
  resolved "https://registry.yarnpkg.com/@styled-icons/feather/-/feather-10.34.0.tgz#fdef1b4231e1ff6cfe454da741161f532788177b"
  integrity sha512-UdhKaUC8T98V5H4WEh+UBRfVT7ZTcPpgUUrXlRM2CWanuNIUKpIjj0SKhsnkuprqtzV1L6s3Koa40VTfpG9LYQ==
  dependencies:
    "@babel/runtime" "^7.14.0"
    "@styled-icons/styled-icon" "^10.6.3"

"@styled-icons/fluentui-system-filled@10.35.0":
  version "10.35.0"
  resolved "https://registry.yarnpkg.com/@styled-icons/fluentui-system-filled/-/fluentui-system-filled-10.35.0.tgz#6d89c09af2c98153c826ca6d04a91e6c50f6a7fa"
  integrity sha512-uupqp8u2FdnpOhVPAIAVb9Ax8p6Yu/ZDsRq3XUHhDd0e4Mb1e2KIXorwg1sRfR+PHCvWLbu6knIt17Az1OlmHQ==
  dependencies:
    "@babel/runtime" "^7.14.6"
    "@styled-icons/styled-icon" "^10.6.3"

"@styled-icons/fluentui-system-regular@10.35.0":
  version "10.35.0"
  resolved "https://registry.yarnpkg.com/@styled-icons/fluentui-system-regular/-/fluentui-system-regular-10.35.0.tgz#41d9400ecb7d1c0b438186aa9864cd2320c53c1b"
  integrity sha512-DHZRTLw6tGkmG6EOo46iHsta6xx+Gd71iHEg5GTVTsoUtk2ZFHL1GRW9KPnkcPPB6h3/QQE4c36MyHFPvPfjzA==
  dependencies:
    "@babel/runtime" "^7.14.6"
    "@styled-icons/styled-icon" "^10.6.3"

"@styled-icons/foundation@10.34.0":
  version "10.34.0"
  resolved "https://registry.yarnpkg.com/@styled-icons/foundation/-/foundation-10.34.0.tgz#7d2ffb882701ca415ea0296ef5464bbd5884a5fe"
  integrity sha512-RJksGQoStOqVQegwvtDTqrhEQjc7x5izqzBuwMw6R+18XcBC+pP8oRtuisv2ogn5icVrN/FWQHMx8EJ14jMdig==
  dependencies:
    "@babel/runtime" "^7.14.0"
    "@styled-icons/styled-icon" "^10.6.3"

"@styled-icons/heroicons-outline@10.36.0":
  version "10.36.0"
  resolved "https://registry.yarnpkg.com/@styled-icons/heroicons-outline/-/heroicons-outline-10.36.0.tgz#e98d6dbfb05dcd9a8e56a764dd5e2124651ddcc9"
  integrity sha512-1IcNp8rjPetb5IMvSzCgh1/QDsz7brzMKv6AEbchByKM6oyOsv9p2PapGMRs6L5rH3LDGzouxNSYPUES8aY3Vw==
  dependencies:
    "@babel/runtime" "^7.14.6"
    "@styled-icons/styled-icon" "^10.6.3"

"@styled-icons/heroicons-solid@10.36.0":
  version "10.36.0"
  resolved "https://registry.yarnpkg.com/@styled-icons/heroicons-solid/-/heroicons-solid-10.36.0.tgz#38c3399d000c8f39eba5da66f3ad47d24f5acc60"
  integrity sha512-cbC0roQSwvrw+ryVx1MfK3NAxh5CyOCzJwFgwZTuXsYpk7IVNNFFSRn1uRGaFDHn3aLLEikMkxxR4q5NM07ZpA==
  dependencies:
    "@babel/runtime" "^7.14.6"
    "@styled-icons/styled-icon" "^10.6.3"

"@styled-icons/icomoon@10.34.0":
  version "10.34.0"
  resolved "https://registry.yarnpkg.com/@styled-icons/icomoon/-/icomoon-10.34.0.tgz#f8e9ed47e408dc8ad0e363f53007dff23b787027"
  integrity sha512-nimtxPqlA6K2iNDeGCCYrFvPbjJl2TwM+YtX55RYC3YJFrh+MeKL+F60uvzoKWY3vZ1vsmQR3iW+aRFQHvhIOw==
  dependencies:
    "@babel/runtime" "^7.14.0"
    "@styled-icons/styled-icon" "^10.6.3"

"@styled-icons/ionicons-outline@10.34.0":
  version "10.34.0"
  resolved "https://registry.yarnpkg.com/@styled-icons/ionicons-outline/-/ionicons-outline-10.34.0.tgz#9c39d21433908c0517371a1142634b1e9650eb5d"
  integrity sha512-8zLCIizxxKAA8tpJLmEnfXy+NcWW7CIxaqDQPZ/GEri4f6GA4QEf4BxCz+XXfEBoBthj+cPr/3d8oB7YygC5TQ==
  dependencies:
    "@babel/runtime" "^7.14.0"
    "@styled-icons/styled-icon" "^10.6.3"

"@styled-icons/ionicons-sharp@10.34.0":
  version "10.34.0"
  resolved "https://registry.yarnpkg.com/@styled-icons/ionicons-sharp/-/ionicons-sharp-10.34.0.tgz#bf12f834d50b97d41f424687e9cf8cd403df8e05"
  integrity sha512-2vmb5xa0fNDWe6QoKsfATilv9Qvlnv4z/3m1NMY+tU5ER+Z9YvPQkLcRqeS/dpm4HHfRAlGsVX5A8r8B+rPnag==
  dependencies:
    "@babel/runtime" "^7.14.0"
    "@styled-icons/styled-icon" "^10.6.3"

"@styled-icons/ionicons-solid@10.34.0":
  version "10.34.0"
  resolved "https://registry.yarnpkg.com/@styled-icons/ionicons-solid/-/ionicons-solid-10.34.0.tgz#348f135f010f8cc6d49649116e2cbf7ee992ed35"
  integrity sha512-gp85y8VbxhBUx0xP3eokyxIkAiWkSaJO3kN1/mGfCSKcWllLBhoHikyGjWAxFPMunhzix4PM0tVudWrsSxmLeQ==
  dependencies:
    "@babel/runtime" "^7.14.0"
    "@styled-icons/styled-icon" "^10.6.3"

"@styled-icons/material-outlined@10.34.0":
  version "10.34.0"
  resolved "https://registry.yarnpkg.com/@styled-icons/material-outlined/-/material-outlined-10.34.0.tgz#5da422bc14dbc0ad0b4e7e15153056866f42f37b"
  integrity sha512-scn3Ih15t82rUJPI9vwnZaYL6ZiDhlYoashIJAs8c8QjJfK0rWdt+hr3E6/0wixx67BkLB3j96Jn9y+qXfVVIQ==
  dependencies:
    "@babel/runtime" "^7.14.0"
    "@styled-icons/styled-icon" "^10.6.3"

"@styled-icons/material-rounded@10.34.0":
  version "10.34.0"
  resolved "https://registry.yarnpkg.com/@styled-icons/material-rounded/-/material-rounded-10.34.0.tgz#8a8a1c35215a9c035da51ae5e4797821e5d07a23"
  integrity sha512-Y2QB3bz+tDmrtcgNXKIPnw8xqarObpcFxOapkP3pMDGl+guCgV5jNHrE8xTKyN5lYYQmm9oBZ5odwgT3B+Uw5g==
  dependencies:
    "@babel/runtime" "^7.14.0"
    "@styled-icons/styled-icon" "^10.6.3"

"@styled-icons/material-sharp@10.34.0":
  version "10.34.0"
  resolved "https://registry.yarnpkg.com/@styled-icons/material-sharp/-/material-sharp-10.34.0.tgz#b1d95bab46e8f4a3fb35446b9d7e1f7bcc942cde"
  integrity sha512-XY1N68Tj5TyyAHJDQwYtasKis4xuNl5xjbISdz8zreWlsY5N4nO4rh/SgAUYvblz+Xjf4P+JZAF22foVpZwIeg==
  dependencies:
    "@babel/runtime" "^7.14.0"
    "@styled-icons/styled-icon" "^10.6.3"

"@styled-icons/material-twotone@10.34.0":
  version "10.34.0"
  resolved "https://registry.yarnpkg.com/@styled-icons/material-twotone/-/material-twotone-10.34.0.tgz#91983def41f87e17d18d6d3d1fbbc4e6abb56106"
  integrity sha512-o5EwR1WdjUwNebFAWqIiZwbP1ibOPy8vHX0KdkV0WDZTCXDW5Nhj3C5JeTAwPeRtFU+Bxt7NHjUmrsm3jNRzzw==
  dependencies:
    "@babel/runtime" "^7.14.0"
    "@styled-icons/styled-icon" "^10.6.3"

"@styled-icons/material@10.34.0":
  version "10.34.0"
  resolved "https://registry.yarnpkg.com/@styled-icons/material/-/material-10.34.0.tgz#479bd36834d26e2b8e2ed06813a141a578ea6008"
  integrity sha512-BQCyzAN0RhkpI6mpIP7RvUoZOZ15d5opKfQRqQXVOfKD3Dkyi26Uog1KTuaaa/MqtqrWaYXC6Y1ypanvfpyL2g==
  dependencies:
    "@babel/runtime" "^7.14.0"
    "@styled-icons/styled-icon" "^10.6.3"

"@styled-icons/octicons@10.44.0":
  version "10.44.0"
  resolved "https://registry.yarnpkg.com/@styled-icons/octicons/-/octicons-10.44.0.tgz#d7b6366c74f1fa129914956f6fb83a084c0dee27"
  integrity sha512-7pLWrUDkc/acwJ4ayL+Xmb7o1j5WUB6nI5dATRPzcm2CENUdEEyf17uL1J9qwB5aFoyDpo7c/UYWtq5QpGpk6A==
  dependencies:
    "@babel/runtime" "^7.15.4"
    "@styled-icons/styled-icon" "^10.6.3"

"@styled-icons/open-iconic@10.18.0":
  version "10.18.0"
  resolved "https://registry.yarnpkg.com/@styled-icons/open-iconic/-/open-iconic-10.18.0.tgz#658bd6aee9232d0983c7aa8949713221c7d5bb87"
  integrity sha512-H+uiRUDm09SXlOgJheOmhT0KeLs5uBS85H2VF1ypMN1m/vy/NdaGP5QAvWTCzBk088JJGYEkvhb4i4pGcwRsEA==
  dependencies:
    "@babel/runtime" "^7.10.5"
    "@styled-icons/styled-icon" "^10.6.0"

"@styled-icons/remix-editor@10.33.0":
  version "10.33.0"
  resolved "https://registry.yarnpkg.com/@styled-icons/remix-editor/-/remix-editor-10.33.0.tgz#ee348658f2d44cef409004a077f2280620b9307d"
  integrity sha512-V1jZ3G1J8PaBiIwf2Va7UuEXot8xR39UQ3XNIJNQClnGA04ahTsEC2mpN5pHwr4mkJijXu0Htjhnf/YiWYVsCw==
  dependencies:
    "@babel/runtime" "^7.13.10"
    "@styled-icons/styled-icon" "^10.6.0"

"@styled-icons/remix-fill@10.18.0":
  version "10.18.0"
  resolved "https://registry.yarnpkg.com/@styled-icons/remix-fill/-/remix-fill-10.18.0.tgz#7a7b007b6d3e97ff3b63fc07f7af1d365245b25a"
  integrity sha512-FbnQMvxt2R7CYb8j/dVAXd31CDg4k3vX1zG/9GH9qpL536yxndnyopa7hwF/Yisy2pzR7uNlNXmTQAmYK2HSrg==
  dependencies:
    "@babel/runtime" "^7.10.5"
    "@styled-icons/styled-icon" "^10.6.0"

"@styled-icons/remix-line@10.18.0":
  version "10.18.0"
  resolved "https://registry.yarnpkg.com/@styled-icons/remix-line/-/remix-line-10.18.0.tgz#f6bd167883fb46a0103d60a8f4106823740e4b3e"
  integrity sha512-UZllhk6hEWFyZt+jdPCO4zbeM0P3Y/Lc1iWWOwUXGP5AzStM2KadjaGpi99FhNfrvrly98cVB8b4M/GVExYn0Q==
  dependencies:
    "@babel/runtime" "^7.10.5"
    "@styled-icons/styled-icon" "^10.6.0"

"@styled-icons/simple-icons@10.45.0":
  version "10.45.0"
  resolved "https://registry.yarnpkg.com/@styled-icons/simple-icons/-/simple-icons-10.45.0.tgz#fc102e514e0b417cc8cd3b773cc33005a07852dc"
  integrity sha512-2agGgrxuiBjicbz5kgF1M691oNfRUYwSWy80kqJCEGXyJ9YGtLWXTSNdLYMk0Dt4JnL0/3eKItU9jYf24rCcJg==
  dependencies:
    "@babel/runtime" "^7.15.4"
    "@styled-icons/styled-icon" "^10.6.3"

"@styled-icons/styled-icon@10.6.3", "@styled-icons/styled-icon@^10.6.0", "@styled-icons/styled-icon@^10.6.3":
  version "10.6.3"
  resolved "https://registry.yarnpkg.com/@styled-icons/styled-icon/-/styled-icon-10.6.3.tgz#eae0e5e18fd601ac47e821bb9c2e099810e86403"
  integrity sha512-/A95L3peioLoWFiy+/eKRhoQ9r/oRrN/qzbSX4hXU1nGP2rUXcX3LWUhoBNAOp9Rw38ucc/4ralY427UUNtcGQ==
  dependencies:
    "@babel/runtime" "^7.10.5"
    "@emotion/is-prop-valid" "^0.8.7"

"@styled-icons/typicons@10.18.0":
  version "10.18.0"
  resolved "https://registry.yarnpkg.com/@styled-icons/typicons/-/typicons-10.18.0.tgz#87924805c219d4eda6193e87643a71b3ff10ac12"
  integrity sha512-VN9vEzeAn5//uUvBN2N/OAXnrC6zCERu1eXUiXmYTwd7n8ZoMMASKmVWrAho20YmhUjEPZdSvS1cJ/pzV9K6Zg==
  dependencies:
    "@babel/runtime" "^7.10.5"
    "@styled-icons/styled-icon" "^10.6.0"

"@styled-icons/zondicons@10.18.0":
  version "10.18.0"
  resolved "https://registry.yarnpkg.com/@styled-icons/zondicons/-/zondicons-10.18.0.tgz#56fd377ffb8412495694e4b19cb72b5bbd38f744"
  integrity sha512-P+XDzHRjY7zgcOYI22VJPg4GW01760VICwMSF2vJFRd0bux3hKIJI8voABA9v00Ce1TeOZnUbKcgQFBNIThs5w==
  dependencies:
    "@babel/runtime" "^7.10.5"
    "@styled-icons/styled-icon" "^10.6.0"

asynckit@^0.4.0:
  version "0.4.0"
  resolved "https://registry.yarnpkg.com/asynckit/-/asynckit-0.4.0.tgz#c79ed97f7f34cb8f2ba1bc9790bcc366474b4b79"
  integrity sha512-Oei9OH4tRh0YqU3GxhX79dM/mwVgvbZJaSNaRk+bshkj0S5cfHcgYakreBjrHwatXKbz+IoIdYLxrKim2MjW0Q==

axios@^0.27.2:
  version "0.27.2"
  resolved "https://registry.yarnpkg.com/axios/-/axios-0.27.2.tgz#207658cc8621606e586c85db4b41a750e756d972"
  integrity sha512-t+yRIyySRTp/wua5xEr+z1q60QmLq8ABsS5O9Me1AsE5dfKqgnCFzwiCZZ/cGNd1lq4/7akDWMxdhVlucjmnOQ==
  dependencies:
    follow-redirects "^1.14.9"
    form-data "^4.0.0"

combined-stream@^1.0.8:
  version "1.0.8"
  resolved "https://registry.yarnpkg.com/combined-stream/-/combined-stream-1.0.8.tgz#c3d45a8b34fd730631a110a8a2520682b31d5a7f"
  integrity sha512-FQN4MRfuJeHf7cBbBMJFXhKSDq+2kAArBlmRBvcvFE5BB1HZKXtSFASDhdlz9zOYwxh8lDdnvmMOe/+5cdoEdg==
  dependencies:
    delayed-stream "~1.0.0"

delayed-stream@~1.0.0:
  version "1.0.0"
  resolved "https://registry.yarnpkg.com/delayed-stream/-/delayed-stream-1.0.0.tgz#df3ae199acadfb7d440aaae0b29e2272b24ec619"
  integrity sha512-ZySD7Nf91aLB0RxL4KGrKHBXl7Eds1DAmEdcoVawXnLD7SDhpNgtuII2aAkg7a7QS41jxPSZ17p4VdGnMHk3MQ==

follow-redirects@^1.14.9:
  version "1.15.1"
  resolved "https://registry.yarnpkg.com/follow-redirects/-/follow-redirects-1.15.1.tgz#0ca6a452306c9b276e4d3127483e29575e207ad5"
  integrity sha512-yLAMQs+k0b2m7cVxpS1VKJVvoz7SS9Td1zss3XRwXj+ZDH00RJgnuLx7E44wx02kQLrdM3aOOy+FpzS7+8OizA==

form-data@^4.0.0:
  version "4.0.0"
  resolved "https://registry.yarnpkg.com/form-data/-/form-data-4.0.0.tgz#93919daeaf361ee529584b9b31664dc12c9fa452"
  integrity sha512-ETEklSGi5t0QMZuiXoA/Q6vcnxcLQP5vdugSpuAyi6SVGi2clPPp+xgEhuMaHC+zGgn31Kd235W35f7Hykkaww==
  dependencies:
    asynckit "^0.4.0"
    combined-stream "^1.0.8"
    mime-types "^2.1.12"

mime-db@1.52.0:
  version "1.52.0"
  resolved "https://registry.yarnpkg.com/mime-db/-/mime-db-1.52.0.tgz#bbabcdc02859f4987301c856e3387ce5ec43bf70"
  integrity sha512-sPU4uV7dYlvtWJxwwxHD0PuihVNiE7TyAbQ5SWxDCB9mUYvOgroQOwYQQOKPJ8CIbE+1ETVlOoK1UC2nU3gYvg==

mime-types@^2.1.12:
  version "2.1.35"
  resolved "https://registry.yarnpkg.com/mime-types/-/mime-types-2.1.35.tgz#381a871b62a734450660ae3deee44813f70d959a"
  integrity sha512-ZDY+bPm5zTTF+YpCrAU9nK0UgICYPT0QtT1NZWFv4s++TNkcgVaT0g6+4R2uI4MjQjzysHB1zxuWL50hzaeXiw==
  dependencies:
    mime-db "1.52.0"

regenerator-runtime@^0.13.4:
  version "0.13.9"
  resolved "https://registry.yarnpkg.com/regenerator-runtime/-/regenerator-runtime-0.13.9.tgz#8925742a98ffd90814988d7566ad30ca3b263b52"
  integrity sha512-p3VT+cOEgxFsRRA9X4lkI1E+k2/CtnKtU4gcxyaCUreilL/vqI6CdZ3wxVUx3UOUg+gnUOQQcRI7BmSI656MYA==

styled-icons@^10.45.0:
  version "10.45.0"
  resolved "https://registry.yarnpkg.com/styled-icons/-/styled-icons-10.45.0.tgz#a516f4a1d902a44828b0b0217c626c66cc95f78b"
  integrity sha512-oUsAAr95m+IPS3JxExaxdxoVA6FIqTPEykebMe7h7rkD6X5JS5K37kg4HlWJOcpMznL0Vj3GW6S5LF1qqUwN7Q==
  dependencies:
    "@babel/runtime" "^7.15.4"
    "@styled-icons/bootstrap" "10.34.0"
    "@styled-icons/boxicons-logos" "10.38.0"
    "@styled-icons/boxicons-regular" "10.38.0"
    "@styled-icons/boxicons-solid" "10.38.0"
    "@styled-icons/crypto" "10.38.0"
    "@styled-icons/entypo" "10.34.0"
    "@styled-icons/entypo-social" "10.34.0"
    "@styled-icons/evaicons-outline" "10.34.0"
    "@styled-icons/evaicons-solid" "10.34.0"
    "@styled-icons/evil" "10.34.0"
    "@styled-icons/fa-brands" "10.38.0"
    "@styled-icons/fa-regular" "10.34.0"
    "@styled-icons/fa-solid" "10.34.0"
    "@styled-icons/feather" "10.34.0"
    "@styled-icons/fluentui-system-filled" "10.35.0"
    "@styled-icons/fluentui-system-regular" "10.35.0"
    "@styled-icons/foundation" "10.34.0"
    "@styled-icons/heroicons-outline" "10.36.0"
    "@styled-icons/heroicons-solid" "10.36.0"
    "@styled-icons/icomoon" "10.34.0"
    "@styled-icons/ionicons-outline" "10.34.0"
    "@styled-icons/ionicons-sharp" "10.34.0"
    "@styled-icons/ionicons-solid" "10.34.0"
    "@styled-icons/material" "10.34.0"
    "@styled-icons/material-outlined" "10.34.0"
    "@styled-icons/material-rounded" "10.34.0"
    "@styled-icons/material-sharp" "10.34.0"
    "@styled-icons/material-twotone" "10.34.0"
    "@styled-icons/octicons" "10.44.0"
    "@styled-icons/open-iconic" "10.18.0"
    "@styled-icons/remix-editor" "10.33.0"
    "@styled-icons/remix-fill" "10.18.0"
    "@styled-icons/remix-line" "10.18.0"
    "@styled-icons/simple-icons" "10.45.0"
    "@styled-icons/styled-icon" "10.6.3"
    "@styled-icons/typicons" "10.18.0"
    "@styled-icons/zondicons" "10.18.0"
